
Microsoft Visual Studio Solution File, Format Version 12.00
# Visual Studio Version 17
VisualStudioVersion = 17.6.33723.286
MinimumVisualStudioVersion = 10.0.40219.1
Project("{FAE04EC0-301F-11D3-BF4B-00C04F79EFBC}") = "ArrayMethod", "ArrayMethod\ArrayMethod.csproj", "{BE33DDAA-31DB-4552-A960-E28B1086998C}"
EndProject
Global
	GlobalSection(SolutionConfigurationPlatforms) = preSolution
		Debug|Any CPU = Debug|Any CPU
		Release|Any CPU = Release|Any CPU
	EndGlobalSection
	GlobalSection(ProjectConfigurationPlatforms) = postSolution
		{BE33DDAA-31DB-4552-A960-E28B1086998C}.Debug|Any CPU.ActiveCfg = Debug|Any CPU
		{BE33DDAA-31DB-4552-A960-E28B1086998C}.Debug|Any CPU.Build.0 = Debug|Any CPU
		{BE33DDAA-31DB-4552-A960-E28B1086998C}.Release|Any CPU.ActiveCfg = Release|Any CPU
		{BE33DDAA-31DB-4552-A960-E28B1086998C}.Release|Any CPU.Build.0 = Release|Any CPU
	EndGlobalSection
	GlobalSection(SolutionProperties) = preSolution
		HideSolutionNode = FALSE
	EndGlobalSection
	GlobalSection(ExtensibilityGlobals) = postSolution
		SolutionGuid = {80748699-0B5E-4FA7-99EB-5DC0DE8BB7A8}
	EndGlobalSection
EndGlobal
